
Microsoft Visual Studio Solution File, Format Version 12.00
# Visual Studio Version 17
VisualStudioVersion = 17.0.31903.59
MinimumVisualStudioVersion = 10.0.40219.1
Project("{2150E333-8FDC-42A3-9474-1A3956D46DE8}") = "src", "src", "{8B8555A1-F48F-405D-8FE3-310B0A04402F}"
EndProject
Project("{FAE04EC0-301F-11D3-BF4B-00C04F79EFBC}") = "AuctionService", "src\AuctionService\AuctionService.csproj", "{D5D2FCC5-BBA0-45A9-88A5-CB0AE22E19D5}"
EndProject
Project("{FAE04EC0-301F-11D3-BF4B-00C04F79EFBC}") = "SearchService", "src\SearchService\SearchService.csproj", "{1A6AFF61-704D-4CAD-8866-85C708490619}"
EndProject
Project("{FAE04EC0-301F-11D3-BF4B-00C04F79EFBC}") = "Contracts", "src\Contracts\Contracts.csproj", "{840EDB5A-17A2-44F3-936C-917BC417C493}"
EndProject
Project("{FAE04EC0-301F-11D3-BF4B-00C04F79EFBC}") = "IdentityService", "src\IdentityService\IdentityService.csproj", "{6564F3FC-F4D8-4FE0-8947-B3FDC41BD83A}"
EndProject
Project("{FAE04EC0-301F-11D3-BF4B-00C04F79EFBC}") = "GatewayService", "src\GatewayService\GatewayService.csproj", "{2CF7BA98-A043-45AD-9BF4-9440884BBCEC}"
EndProject
Global
	GlobalSection(SolutionConfigurationPlatforms) = preSolution
		Debug|Any CPU = Debug|Any CPU
		Release|Any CPU = Release|Any CPU
	EndGlobalSection
	GlobalSection(SolutionProperties) = preSolution
		HideSolutionNode = FALSE
	EndGlobalSection
	GlobalSection(ProjectConfigurationPlatforms) = postSolution
		{D5D2FCC5-BBA0-45A9-88A5-CB0AE22E19D5}.Debug|Any CPU.ActiveCfg = Debug|Any CPU
		{D5D2FCC5-BBA0-45A9-88A5-CB0AE22E19D5}.Debug|Any CPU.Build.0 = Debug|Any CPU
		{D5D2FCC5-BBA0-45A9-88A5-CB0AE22E19D5}.Release|Any CPU.ActiveCfg = Release|Any CPU
		{D5D2FCC5-BBA0-45A9-88A5-CB0AE22E19D5}.Release|Any CPU.Build.0 = Release|Any CPU
		{1A6AFF61-704D-4CAD-8866-85C708490619}.Debug|Any CPU.ActiveCfg = Debug|Any CPU
		{1A6AFF61-704D-4CAD-8866-85C708490619}.Debug|Any CPU.Build.0 = Debug|Any CPU
		{1A6AFF61-704D-4CAD-8866-85C708490619}.Release|Any CPU.ActiveCfg = Release|Any CPU
		{1A6AFF61-704D-4CAD-8866-85C708490619}.Release|Any CPU.Build.0 = Release|Any CPU
		{840EDB5A-17A2-44F3-936C-917BC417C493}.Debug|Any CPU.ActiveCfg = Debug|Any CPU
		{840EDB5A-17A2-44F3-936C-917BC417C493}.Debug|Any CPU.Build.0 = Debug|Any CPU
		{840EDB5A-17A2-44F3-936C-917BC417C493}.Release|Any CPU.ActiveCfg = Release|Any CPU
		{840EDB5A-17A2-44F3-936C-917BC417C493}.Release|Any CPU.Build.0 = Release|Any CPU
		{6564F3FC-F4D8-4FE0-8947-B3FDC41BD83A}.Debug|Any CPU.ActiveCfg = Debug|Any CPU
		{6564F3FC-F4D8-4FE0-8947-B3FDC41BD83A}.Debug|Any CPU.Build.0 = Debug|Any CPU
		{6564F3FC-F4D8-4FE0-8947-B3FDC41BD83A}.Release|Any CPU.ActiveCfg = Release|Any CPU
		{6564F3FC-F4D8-4FE0-8947-B3FDC41BD83A}.Release|Any CPU.Build.0 = Release|Any CPU
		{2CF7BA98-A043-45AD-9BF4-9440884BBCEC}.Debug|Any CPU.ActiveCfg = Debug|Any CPU
		{2CF7BA98-A043-45AD-9BF4-9440884BBCEC}.Debug|Any CPU.Build.0 = Debug|Any CPU
		{2CF7BA98-A043-45AD-9BF4-9440884BBCEC}.Release|Any CPU.ActiveCfg = Release|Any CPU
		{2CF7BA98-A043-45AD-9BF4-9440884BBCEC}.Release|Any CPU.Build.0 = Release|Any CPU
	EndGlobalSection
	GlobalSection(NestedProjects) = preSolution
		{D5D2FCC5-BBA0-45A9-88A5-CB0AE22E19D5} = {8B8555A1-F48F-405D-8FE3-310B0A04402F}
		{1A6AFF61-704D-4CAD-8866-85C708490619} = {8B8555A1-F48F-405D-8FE3-310B0A04402F}
		{840EDB5A-17A2-44F3-936C-917BC417C493} = {8B8555A1-F48F-405D-8FE3-310B0A04402F}
		{6564F3FC-F4D8-4FE0-8947-B3FDC41BD83A} = {8B8555A1-F48F-405D-8FE3-310B0A04402F}
		{2CF7BA98-A043-45AD-9BF4-9440884BBCEC} = {8B8555A1-F48F-405D-8FE3-310B0A04402F}
	EndGlobalSection
EndGlobal
